
Microsoft Visual Studio Solution File, Format Version 12.00
# Visual Studio Version 16
VisualStudioVersion = 16.0.30804.86
MinimumVisualStudioVersion = 10.0.40219.1
Project("{FAE04EC0-301F-11D3-BF4B-00C04F79EFBC}") = "PBL3_TeamSuperGao", "PBL3_TeamSuperGao\PBL3_TeamSuperGao.csproj", "{11F58C7A-FA96-40C8-9B24-99D309212179}"
EndProject
Global
	GlobalSection(SolutionConfigurationPlatforms) = preSolution
		Debug|Any CPU = Debug|Any CPU
		Release|Any CPU = Release|Any CPU
	EndGlobalSection
	GlobalSection(ProjectConfigurationPlatforms) = postSolution
		{11F58C7A-FA96-40C8-9B24-99D309212179}.Debug|Any CPU.ActiveCfg = Debug|Any CPU
		{11F58C7A-FA96-40C8-9B24-99D309212179}.Debug|Any CPU.Build.0 = Debug|Any CPU
		{11F58C7A-FA96-40C8-9B24-99D309212179}.Release|Any CPU.ActiveCfg = Release|Any CPU
		{11F58C7A-FA96-40C8-9B24-99D309212179}.Release|Any CPU.Build.0 = Release|Any CPU
	EndGlobalSection
	GlobalSection(SolutionProperties) = preSolution
		HideSolutionNode = FALSE
	EndGlobalSection
	GlobalSection(ExtensibilityGlobals) = postSolution
		SolutionGuid = {318F3AEB-0C1E-4356-ADD2-23BB8DED648D}
	EndGlobalSection
EndGlobal
